
Microsoft Visual Studio Solution File, Format Version 12.00
# Visual Studio Version 17
VisualStudioVersion = 17.6.33829.357
MinimumVisualStudioVersion = 10.0.40219.1
Project("{FAE04EC0-301F-11D3-BF4B-00C04F79EFBC}") = "Assignment-5-8", "Assignment-5-8.csproj", "{FCF563E1-5F76-473C-BB6A-2E9E5AED22A4}"
EndProject
Global
	GlobalSection(SolutionConfigurationPlatforms) = preSolution
		Debug|Any CPU = Debug|Any CPU
		Release|Any CPU = Release|Any CPU
	EndGlobalSection
	GlobalSection(ProjectConfigurationPlatforms) = postSolution
		{FCF563E1-5F76-473C-BB6A-2E9E5AED22A4}.Debug|Any CPU.ActiveCfg = Debug|Any CPU
		{FCF563E1-5F76-473C-BB6A-2E9E5AED22A4}.Debug|Any CPU.Build.0 = Debug|Any CPU
		{FCF563E1-5F76-473C-BB6A-2E9E5AED22A4}.Release|Any CPU.ActiveCfg = Release|Any CPU
		{FCF563E1-5F76-473C-BB6A-2E9E5AED22A4}.Release|Any CPU.Build.0 = Release|Any CPU
	EndGlobalSection
	GlobalSection(SolutionProperties) = preSolution
		HideSolutionNode = FALSE
	EndGlobalSection
	GlobalSection(ExtensibilityGlobals) = postSolution
		SolutionGuid = {553E8802-D896-479B-A72B-0BB9B019FE8F}
	EndGlobalSection
EndGlobal
